
Microsoft Visual Studio Solution File, Format Version 12.00
# Visual Studio 15
VisualStudioVersion = 15.0.27004.2005
MinimumVisualStudioVersion = 10.0.40219.1
Project("{8BC9CEB8-8B4A-11D0-8D11-00A0C91BC942}") = "AGP_Group_Project", "AGP_Group_Project\AGP_Group_Project.vcxproj", "{46143AA4-F717-48FD-A614-E52C15E80B3A}"
EndProject
Global
	GlobalSection(SolutionConfigurationPlatforms) = preSolution
		Debug|x64 = Debug|x64
		Debug|x86 = Debug|x86
		Release|x64 = Release|x64
		Release|x86 = Release|x86
	EndGlobalSection
	GlobalSection(ProjectConfigurationPlatforms) = postSolution
		{46143AA4-F717-48FD-A614-E52C15E80B3A}.Debug|x64.ActiveCfg = Debug|x64
		{46143AA4-F717-48FD-A614-E52C15E80B3A}.Debug|x64.Build.0 = Debug|x64
		{46143AA4-F717-48FD-A614-E52C15E80B3A}.Debug|x86.ActiveCfg = Debug|Win32
		{46143AA4-F717-48FD-A614-E52C15E80B3A}.Debug|x86.Build.0 = Debug|Win32
		{46143AA4-F717-48FD-A614-E52C15E80B3A}.Release|x64.ActiveCfg = Release|x64
		{46143AA4-F717-48FD-A614-E52C15E80B3A}.Release|x64.Build.0 = Release|x64
		{46143AA4-F717-48FD-A614-E52C15E80B3A}.Release|x86.ActiveCfg = Release|Win32
		{46143AA4-F717-48FD-A614-E52C15E80B3A}.Release|x86.Build.0 = Release|Win32
	EndGlobalSection
	GlobalSection(SolutionProperties) = preSolution
		HideSolutionNode = FALSE
	EndGlobalSection
	GlobalSection(ExtensibilityGlobals) = postSolution
		SolutionGuid = {F20E4AAC-43D6-4982-AA15-A8A7C2050D47}
	EndGlobalSection
EndGlobal
